
Microsoft Visual Studio Solution File, Format Version 12.00
# Visual Studio Version 17
VisualStudioVersion = 17.8.34112.27
MinimumVisualStudioVersion = 10.0.40219.1
Project("{FAE04EC0-301F-11D3-BF4B-00C04F79EFBC}") = "GrpcConsoleServer", "GrpcConsoleServer\GrpcConsoleServer.csproj", "{CD15DC16-C243-4791-8FB9-224BEF65C54D}"
EndProject
Project("{FAE04EC0-301F-11D3-BF4B-00C04F79EFBC}") = "GrpcConsoleClient", "GrpcConsoleClient\GrpcConsoleClient.csproj", "{BF120C29-E604-4940-9B52-34E549F1F800}"
EndProject
Project("{2150E333-8FDC-42A3-9474-1A3956D46DE8}") = "솔루션 항목", "솔루션 항목", "{1668A1B7-F2AE-418F-9DDC-AE92465EA746}"
	ProjectSection(SolutionItems) = preProject
		README.md = README.md
	EndProjectSection
EndProject
Global
	GlobalSection(SolutionConfigurationPlatforms) = preSolution
		Debug|Any CPU = Debug|Any CPU
		Release|Any CPU = Release|Any CPU
	EndGlobalSection
	GlobalSection(ProjectConfigurationPlatforms) = postSolution
		{CD15DC16-C243-4791-8FB9-224BEF65C54D}.Debug|Any CPU.ActiveCfg = Debug|Any CPU
		{CD15DC16-C243-4791-8FB9-224BEF65C54D}.Debug|Any CPU.Build.0 = Debug|Any CPU
		{CD15DC16-C243-4791-8FB9-224BEF65C54D}.Release|Any CPU.ActiveCfg = Release|Any CPU
		{CD15DC16-C243-4791-8FB9-224BEF65C54D}.Release|Any CPU.Build.0 = Release|Any CPU
		{BF120C29-E604-4940-9B52-34E549F1F800}.Debug|Any CPU.ActiveCfg = Debug|Any CPU
		{BF120C29-E604-4940-9B52-34E549F1F800}.Debug|Any CPU.Build.0 = Debug|Any CPU
		{BF120C29-E604-4940-9B52-34E549F1F800}.Release|Any CPU.ActiveCfg = Release|Any CPU
		{BF120C29-E604-4940-9B52-34E549F1F800}.Release|Any CPU.Build.0 = Release|Any CPU
	EndGlobalSection
	GlobalSection(SolutionProperties) = preSolution
		HideSolutionNode = FALSE
	EndGlobalSection
	GlobalSection(ExtensibilityGlobals) = postSolution
		SolutionGuid = {156E0281-25F5-493D-9F5C-56FC512E52B7}
	EndGlobalSection
EndGlobal
